# This file is automatically @generated by rotriever.
# It is not intended for manual editing.
lockfile_format_version = 0

[[package]]
name = "RECS"
type = "git"
source = "https://github.com/amaranthinecodices/recs"
commit = "7b5ace3d4fbe2454ba0be1e10f773589d64d3142"
rev = "master"

[package.dependencies]
TestEZ = "TestEZ-28fc8954-821c1e1c"
t = "t-1a73e5a4-74411073"

[[package]]
name = "TestEZ"
type = "git"
source = "https://github.com/roblox/testez"
commit = "821c1e1c2a4575b973860f98a9a39690c4b14a06"
rev = "master"

[[package]]
name = "t"
type = "git"
source = "https://github.com/osyrisrblx/t"
commit = "7441107353e8f6f13f8c4befb7f8895f91518a1d"
rev = "master"
